
Microsoft Visual Studio Solution File, Format Version 12.00
# Visual Studio 15
VisualStudioVersion = 15.0.27428.2015
MinimumVisualStudioVersion = 10.0.40219.1
Project("{FAE04EC0-301F-11D3-BF4B-00C04F79EFBC}") = "ProductsApp", "ProductsApp\ProductsApp.csproj", "{3197278F-10DF-4BF3-8700-33DF5101EE63}"
EndProject
Project("{FAE04EC0-301F-11D3-BF4B-00C04F79EFBC}") = "ProductsApp.Tests", "ProductsApp.Tests\ProductsApp.Tests.csproj", "{02BB17A3-E486-49E1-A709-4315F42DF138}"
EndProject
Global
	GlobalSection(SolutionConfigurationPlatforms) = preSolution
		Debug|Any CPU = Debug|Any CPU
		Release|Any CPU = Release|Any CPU
	EndGlobalSection
	GlobalSection(ProjectConfigurationPlatforms) = postSolution
		{3197278F-10DF-4BF3-8700-33DF5101EE63}.Debug|Any CPU.ActiveCfg = Debug|Any CPU
		{3197278F-10DF-4BF3-8700-33DF5101EE63}.Debug|Any CPU.Build.0 = Debug|Any CPU
		{3197278F-10DF-4BF3-8700-33DF5101EE63}.Release|Any CPU.ActiveCfg = Release|Any CPU
		{3197278F-10DF-4BF3-8700-33DF5101EE63}.Release|Any CPU.Build.0 = Release|Any CPU
		{02BB17A3-E486-49E1-A709-4315F42DF138}.Debug|Any CPU.ActiveCfg = Debug|Any CPU
		{02BB17A3-E486-49E1-A709-4315F42DF138}.Debug|Any CPU.Build.0 = Debug|Any CPU
		{02BB17A3-E486-49E1-A709-4315F42DF138}.Release|Any CPU.ActiveCfg = Release|Any CPU
		{02BB17A3-E486-49E1-A709-4315F42DF138}.Release|Any CPU.Build.0 = Release|Any CPU
	EndGlobalSection
	GlobalSection(SolutionProperties) = preSolution
		HideSolutionNode = FALSE
	EndGlobalSection
	GlobalSection(ExtensibilityGlobals) = postSolution
		SolutionGuid = {FBFF1783-64E8-4BB4-B0B4-A72C2B8F891A}
	EndGlobalSection
EndGlobal
