
Microsoft Visual Studio Solution File, Format Version 12.00
# Visual Studio 15
VisualStudioVersion = 15.0.27428.2015
MinimumVisualStudioVersion = 10.0.40219.1
Project("{FAE04EC0-301F-11D3-BF4B-00C04F79EFBC}") = "BookService", "BookService\BookService.csproj", "{91626060-750D-4D3F-BC22-41C32A51D4CF}"
EndProject
Project("{FAE04EC0-301F-11D3-BF4B-00C04F79EFBC}") = "BookService.Tests", "BookService.Tests\BookService.Tests.csproj", "{DA0C344B-B210-4E2E-BD3B-260F276B7920}"
EndProject
Global
	GlobalSection(SolutionConfigurationPlatforms) = preSolution
		Debug|Any CPU = Debug|Any CPU
		Release|Any CPU = Release|Any CPU
	EndGlobalSection
	GlobalSection(ProjectConfigurationPlatforms) = postSolution
		{91626060-750D-4D3F-BC22-41C32A51D4CF}.Debug|Any CPU.ActiveCfg = Debug|Any CPU
		{91626060-750D-4D3F-BC22-41C32A51D4CF}.Debug|Any CPU.Build.0 = Debug|Any CPU
		{91626060-750D-4D3F-BC22-41C32A51D4CF}.Release|Any CPU.ActiveCfg = Release|Any CPU
		{91626060-750D-4D3F-BC22-41C32A51D4CF}.Release|Any CPU.Build.0 = Release|Any CPU
		{DA0C344B-B210-4E2E-BD3B-260F276B7920}.Debug|Any CPU.ActiveCfg = Debug|Any CPU
		{DA0C344B-B210-4E2E-BD3B-260F276B7920}.Debug|Any CPU.Build.0 = Debug|Any CPU
		{DA0C344B-B210-4E2E-BD3B-260F276B7920}.Release|Any CPU.ActiveCfg = Release|Any CPU
		{DA0C344B-B210-4E2E-BD3B-260F276B7920}.Release|Any CPU.Build.0 = Release|Any CPU
	EndGlobalSection
	GlobalSection(SolutionProperties) = preSolution
		HideSolutionNode = FALSE
	EndGlobalSection
	GlobalSection(ExtensibilityGlobals) = postSolution
		SolutionGuid = {D0C220EC-1253-41C0-80F8-BA59E221DBC5}
	EndGlobalSection
EndGlobal
