
Microsoft Visual Studio Solution File, Format Version 12.00
# Visual Studio 15
VisualStudioVersion = 15.0.27428.2015
MinimumVisualStudioVersion = 10.0.40219.1
Project("{FAE04EC0-301F-11D3-BF4B-00C04F79EFBC}") = "GigHub", "GigHub\GigHub.csproj", "{697EDFA3-D1F9-4F7D-8E7E-2D78ABF0FBFD}"
EndProject
Global
	GlobalSection(SolutionConfigurationPlatforms) = preSolution
		Debug|Any CPU = Debug|Any CPU
		Release|Any CPU = Release|Any CPU
	EndGlobalSection
	GlobalSection(ProjectConfigurationPlatforms) = postSolution
		{697EDFA3-D1F9-4F7D-8E7E-2D78ABF0FBFD}.Debug|Any CPU.ActiveCfg = Debug|Any CPU
		{697EDFA3-D1F9-4F7D-8E7E-2D78ABF0FBFD}.Debug|Any CPU.Build.0 = Debug|Any CPU
		{697EDFA3-D1F9-4F7D-8E7E-2D78ABF0FBFD}.Release|Any CPU.ActiveCfg = Release|Any CPU
		{697EDFA3-D1F9-4F7D-8E7E-2D78ABF0FBFD}.Release|Any CPU.Build.0 = Release|Any CPU
	EndGlobalSection
	GlobalSection(SolutionProperties) = preSolution
		HideSolutionNode = FALSE
	EndGlobalSection
	GlobalSection(ExtensibilityGlobals) = postSolution
		SolutionGuid = {3B6BC9A8-59E5-4F54-87C0-EDA90B6EACA9}
	EndGlobalSection
	GlobalSection(TeamFoundationVersionControl) = preSolution
		SccNumberOfProjects = 2
		SccEnterpriseProvider = {4CA58AB2-18FA-4F8D-95D4-32DDF27D184C}
		SccTeamFoundationServer = https://emekat.visualstudio.com/DefaultCollection
		SccLocalPath0 = .
		SccProjectUniqueName1 = GigHub\\GigHub.csproj
		SccProjectName1 = GigHub
		SccLocalPath1 = GigHub
	EndGlobalSection
EndGlobal
