
Microsoft Visual Studio Solution File, Format Version 12.00
# Visual Studio 15
VisualStudioVersion = 15.0.27428.2015
MinimumVisualStudioVersion = 10.0.40219.1
Project("{FAE04EC0-301F-11D3-BF4B-00C04F79EFBC}") = "GigsHub", "GigsHub\GigsHub.csproj", "{56D71214-6C03-44C2-B66A-602ED5E7F760}"
EndProject
Global
	GlobalSection(SolutionConfigurationPlatforms) = preSolution
		Debug|Any CPU = Debug|Any CPU
		Release|Any CPU = Release|Any CPU
	EndGlobalSection
	GlobalSection(ProjectConfigurationPlatforms) = postSolution
		{56D71214-6C03-44C2-B66A-602ED5E7F760}.Debug|Any CPU.ActiveCfg = Debug|Any CPU
		{56D71214-6C03-44C2-B66A-602ED5E7F760}.Debug|Any CPU.Build.0 = Debug|Any CPU
		{56D71214-6C03-44C2-B66A-602ED5E7F760}.Release|Any CPU.ActiveCfg = Release|Any CPU
		{56D71214-6C03-44C2-B66A-602ED5E7F760}.Release|Any CPU.Build.0 = Release|Any CPU
	EndGlobalSection
	GlobalSection(SolutionProperties) = preSolution
		HideSolutionNode = FALSE
	EndGlobalSection
	GlobalSection(ExtensibilityGlobals) = postSolution
		SolutionGuid = {04555557-E96D-4ACE-8BCC-7A22953AA985}
	EndGlobalSection
	GlobalSection(TeamFoundationVersionControl) = preSolution
		SccNumberOfProjects = 2
		SccEnterpriseProvider = {4CA58AB2-18FA-4F8D-95D4-32DDF27D184C}
		SccTeamFoundationServer = https://emekat.visualstudio.com/DefaultCollection
		SccLocalPath0 = .
		SccProjectUniqueName1 = GigsHub\\GigsHub.csproj
		SccProjectName1 = GigsHub
		SccLocalPath1 = GigsHub
	EndGlobalSection
EndGlobal
